
Microsoft Visual Studio Solution File, Format Version 12.00
# Visual Studio 14
VisualStudioVersion = 14.0.24720.0
MinimumVisualStudioVersion = 10.0.40219.1
Project("{FAE04EC0-301F-11D3-BF4B-00C04F79EFBC}") = "PixelMonitor", "PixelMonitor\PixelMonitor.csproj", "{379ACDDE-F9B6-4039-B93C-8C1AB1A20BEF}"
EndProject
Project("{FAE04EC0-301F-11D3-BF4B-00C04F79EFBC}") = "NeoArduinoSerial", "NeoArduinoSerial\NeoArduinoSerial.csproj", "{95873CF1-0165-4CD7-BFE6-84D7D74299CF}"
EndProject
Global
	GlobalSection(SolutionConfigurationPlatforms) = preSolution
		Debug|Any CPU = Debug|Any CPU
		Release|Any CPU = Release|Any CPU
	EndGlobalSection
	GlobalSection(ProjectConfigurationPlatforms) = postSolution
		{379ACDDE-F9B6-4039-B93C-8C1AB1A20BEF}.Debug|Any CPU.ActiveCfg = Debug|Any CPU
		{379ACDDE-F9B6-4039-B93C-8C1AB1A20BEF}.Debug|Any CPU.Build.0 = Debug|Any CPU
		{379ACDDE-F9B6-4039-B93C-8C1AB1A20BEF}.Release|Any CPU.ActiveCfg = Release|Any CPU
		{379ACDDE-F9B6-4039-B93C-8C1AB1A20BEF}.Release|Any CPU.Build.0 = Release|Any CPU
		{95873CF1-0165-4CD7-BFE6-84D7D74299CF}.Debug|Any CPU.ActiveCfg = Debug|Any CPU
		{95873CF1-0165-4CD7-BFE6-84D7D74299CF}.Debug|Any CPU.Build.0 = Debug|Any CPU
		{95873CF1-0165-4CD7-BFE6-84D7D74299CF}.Release|Any CPU.ActiveCfg = Release|Any CPU
		{95873CF1-0165-4CD7-BFE6-84D7D74299CF}.Release|Any CPU.Build.0 = Release|Any CPU
	EndGlobalSection
	GlobalSection(SolutionProperties) = preSolution
		HideSolutionNode = FALSE
	EndGlobalSection
	GlobalSection(TeamFoundationVersionControl) = preSolution
		SccNumberOfProjects = 3
		SccEnterpriseProvider = {4CA58AB2-18FA-4F8D-95D4-32DDF27D184C}
		SccTeamFoundationServer = https://angshumans.visualstudio.com/defaultcollection
		SccLocalPath0 = .
		SccProjectUniqueName1 = NeoArduinoSerial\\NeoArduinoSerial.csproj
		SccProjectName1 = NeoArduinoSerial
		SccLocalPath1 = NeoArduinoSerial
		SccProjectUniqueName2 = PixelMonitor\\PixelMonitor.csproj
		SccProjectName2 = PixelMonitor
		SccLocalPath2 = PixelMonitor
	EndGlobalSection
EndGlobal
